
Microsoft Visual Studio Solution File, Format Version 11.00
# Visual Studio 2010
Project("{FAE04EC0-301F-11D3-BF4B-00C04F79EFBC}") = "UnityEngine.UI", "UnityEngine.UI.csproj", "{1e0ead25-29b1-4612-1f2a-fa7471359fab}"
EndProject
Project("{FAE04EC0-301F-11D3-BF4B-00C04F79EFBC}") = "UnityEngine.TestRunner", "UnityEngine.TestRunner.csproj", "{2c70c664-3254-7c08-2972-62c9d8ee5a5a}"
EndProject
Project("{FAE04EC0-301F-11D3-BF4B-00C04F79EFBC}") = "Unity.VisualScripting.Flow", "Unity.VisualScripting.Flow.csproj", "{7ca079cd-c3b2-e282-c888-1f3d18ca327b}"
EndProject
Project("{FAE04EC0-301F-11D3-BF4B-00C04F79EFBC}") = "Unity.Mathematics", "Unity.Mathematics.csproj", "{62ec427e-1b80-a56b-da63-1948dad1adeb}"
EndProject
Project("{FAE04EC0-301F-11D3-BF4B-00C04F79EFBC}") = "Unity.Services.Core.Telemetry", "Unity.Services.Core.Telemetry.csproj", "{00cc8aa0-efd4-2727-2921-53e2693942e2}"
EndProject
Project("{FAE04EC0-301F-11D3-BF4B-00C04F79EFBC}") = "Unity.VisualScripting.State", "Unity.VisualScripting.State.csproj", "{87ef42e6-304a-a270-f339-7a2688056d2c}"
EndProject
Project("{FAE04EC0-301F-11D3-BF4B-00C04F79EFBC}") = "Unity.VisualScripting.Core", "Unity.VisualScripting.Core.csproj", "{27fc4836-ee56-0c74-4e2c-d4a41734922d}"
EndProject
Project("{FAE04EC0-301F-11D3-BF4B-00C04F79EFBC}") = "Unity.Services.Core.Environments.Internal", "Unity.Services.Core.Environments.Internal.csproj", "{5b05190a-047a-eaf1-7d5e-28c0ff96feb9}"
EndProject
Project("{FAE04EC0-301F-11D3-BF4B-00C04F79EFBC}") = "Unity.Burst", "Unity.Burst.csproj", "{7ddfda78-2cc2-21df-3cfa-0b08ea9d98c3}"
EndProject
Project("{FAE04EC0-301F-11D3-BF4B-00C04F79EFBC}") = "Unity.2D.Animation.Runtime", "Unity.2D.Animation.Runtime.csproj", "{00e53bd3-c18d-c87c-7660-4afb274cde8b}"
EndProject
Project("{FAE04EC0-301F-11D3-BF4B-00C04F79EFBC}") = "Unity.TextMeshPro", "Unity.TextMeshPro.csproj", "{6effa0e4-793c-b727-2615-ba8512a3dfc4}"
EndProject
Project("{FAE04EC0-301F-11D3-BF4B-00C04F79EFBC}") = "Unity.Timeline", "Unity.Timeline.csproj", "{847e97f2-cdbb-02c2-e00c-cfde75fa777c}"
EndProject
Project("{FAE04EC0-301F-11D3-BF4B-00C04F79EFBC}") = "Unity.Services.Core", "Unity.Services.Core.csproj", "{56c0eef1-ed4d-56e0-d6f7-95df276d3ef0}"
EndProject
Project("{FAE04EC0-301F-11D3-BF4B-00C04F79EFBC}") = "Unity.Services.Core.Environments", "Unity.Services.Core.Environments.csproj", "{9f4336d6-2e03-924d-de9f-4d1de0f39850}"
EndProject
Project("{FAE04EC0-301F-11D3-BF4B-00C04F79EFBC}") = "Unity.Services.Core.Internal", "Unity.Services.Core.Internal.csproj", "{82032648-3281-177e-4510-f33b9dcc05bd}"
EndProject
Project("{FAE04EC0-301F-11D3-BF4B-00C04F79EFBC}") = "Unity.Services.Core.Analytics", "Unity.Services.Core.Analytics.csproj", "{164e22ef-bf2e-bfbc-aaf1-34f75a1ce938}"
EndProject
Project("{FAE04EC0-301F-11D3-BF4B-00C04F79EFBC}") = "Unity.2D.SpriteShape.Runtime", "Unity.2D.SpriteShape.Runtime.csproj", "{806f4107-0e5f-991f-39c7-33dffe2cb563}"
EndProject
Project("{FAE04EC0-301F-11D3-BF4B-00C04F79EFBC}") = "Unity.Services.Core.Scheduler", "Unity.Services.Core.Scheduler.csproj", "{6f73d86b-f792-4554-1572-bd89a50b4496}"
EndProject
Project("{FAE04EC0-301F-11D3-BF4B-00C04F79EFBC}") = "Unity.Services.Core.Registration", "Unity.Services.Core.Registration.csproj", "{7a596bed-7437-51ae-521e-d290702c3539}"
EndProject
Project("{FAE04EC0-301F-11D3-BF4B-00C04F79EFBC}") = "Unity.2D.PixelPerfect", "Unity.2D.PixelPerfect.csproj", "{45084f16-3a5b-e221-9b51-a3c5375c88db}"
EndProject
Project("{FAE04EC0-301F-11D3-BF4B-00C04F79EFBC}") = "Unity.2D.Common.Runtime", "Unity.2D.Common.Runtime.csproj", "{373c1f9c-f3a9-ef63-b831-07b6b941b284}"
EndProject
Project("{FAE04EC0-301F-11D3-BF4B-00C04F79EFBC}") = "Unity.2D.IK.Runtime", "Unity.2D.IK.Runtime.csproj", "{c0d186f5-40bf-f607-f61e-1599a02703f6}"
EndProject
Project("{FAE04EC0-301F-11D3-BF4B-00C04F79EFBC}") = "Unity.Services.Core.Device", "Unity.Services.Core.Device.csproj", "{7ac23099-a6b1-50ce-a11c-9ff2c0907976}"
EndProject
Project("{FAE04EC0-301F-11D3-BF4B-00C04F79EFBC}") = "Unity.Services.Core.Threading", "Unity.Services.Core.Threading.csproj", "{6ac6874c-62ef-b828-3637-4207357e3aa8}"
EndProject
Project("{FAE04EC0-301F-11D3-BF4B-00C04F79EFBC}") = "Unity.2D.Tilemap.Extras", "Unity.2D.Tilemap.Extras.csproj", "{56ab8ff8-21cb-1f29-ed6c-4a7ce2686f7e}"
EndProject
Project("{FAE04EC0-301F-11D3-BF4B-00C04F79EFBC}") = "Unity.Services.Core.Networking", "Unity.Services.Core.Networking.csproj", "{21af5219-7c09-7a7f-65df-d42becdfe7ed}"
EndProject
Project("{FAE04EC0-301F-11D3-BF4B-00C04F79EFBC}") = "Assembly-CSharp", "Assembly-CSharp.csproj", "{ef564b4e-2d04-3cae-0581-64639e4aaa8e}"
EndProject
Project("{FAE04EC0-301F-11D3-BF4B-00C04F79EFBC}") = "Unity.InternalAPIEngineBridge.001", "Unity.InternalAPIEngineBridge.001.csproj", "{4483598c-d78e-a82d-0d7c-f684db03da88}"
EndProject
Project("{FAE04EC0-301F-11D3-BF4B-00C04F79EFBC}") = "Unity.Services.Core.Configuration", "Unity.Services.Core.Configuration.csproj", "{8da543ee-c4fd-2a14-99c9-ce7f7b5bc883}"
EndProject
Project("{FAE04EC0-301F-11D3-BF4B-00C04F79EFBC}") = "Unity.PlasticSCM.Editor", "Unity.PlasticSCM.Editor.csproj", "{d2449571-c155-8a7b-4d80-e5b2fb22555f}"
EndProject
Project("{FAE04EC0-301F-11D3-BF4B-00C04F79EFBC}") = "Unity.VisualScripting.Core.Editor", "Unity.VisualScripting.Core.Editor.csproj", "{21c4940c-7065-d909-5947-b2d9c03ec477}"
EndProject
Project("{FAE04EC0-301F-11D3-BF4B-00C04F79EFBC}") = "Unity.VisualScripting.Flow.Editor", "Unity.VisualScripting.Flow.Editor.csproj", "{1474d67d-151e-d9d6-8e64-eb772bac513f}"
EndProject
Project("{FAE04EC0-301F-11D3-BF4B-00C04F79EFBC}") = "Unity.VisualStudio.Editor", "Unity.VisualStudio.Editor.csproj", "{9809e1e2-ad08-7d01-317b-b3380ed4affb}"
EndProject
Project("{FAE04EC0-301F-11D3-BF4B-00C04F79EFBC}") = "Unity.Timeline.Editor", "Unity.Timeline.Editor.csproj", "{7650fd24-57ac-023d-ddf1-c914e09d816e}"
EndProject
Project("{FAE04EC0-301F-11D3-BF4B-00C04F79EFBC}") = "Unity.VisualScripting.State.Editor", "Unity.VisualScripting.State.Editor.csproj", "{f4a16611-5355-cadb-9637-aeb030065e7c}"
EndProject
Project("{FAE04EC0-301F-11D3-BF4B-00C04F79EFBC}") = "Unity.TextMeshPro.Editor", "Unity.TextMeshPro.Editor.csproj", "{5835b8cb-320b-7b08-4a66-134f92168349}"
EndProject
Project("{FAE04EC0-301F-11D3-BF4B-00C04F79EFBC}") = "Unity.2D.Animation.Editor", "Unity.2D.Animation.Editor.csproj", "{6a995887-c17f-8ccc-826f-a0e6f347f298}"
EndProject
Project("{FAE04EC0-301F-11D3-BF4B-00C04F79EFBC}") = "Unity.VisualScripting.SettingsProvider.Editor", "Unity.VisualScripting.SettingsProvider.Editor.csproj", "{8e2bf77f-d4d7-7496-9e30-7b1c4941a32a}"
EndProject
Project("{FAE04EC0-301F-11D3-BF4B-00C04F79EFBC}") = "Unity.CollabProxy.Editor", "Unity.CollabProxy.Editor.csproj", "{6bd79f2e-e5e6-5c6f-7e84-3bea4a754f8f}"
EndProject
Project("{FAE04EC0-301F-11D3-BF4B-00C04F79EFBC}") = "UnityEditor.TestRunner", "UnityEditor.TestRunner.csproj", "{9ff4b563-4d62-031d-2a9c-9d08ab3fd456}"
EndProject
Project("{FAE04EC0-301F-11D3-BF4B-00C04F79EFBC}") = "Unity.2D.Tilemap.Editor", "Unity.2D.Tilemap.Editor.csproj", "{828f366a-41a6-3986-09b9-ed740ab4d81f}"
EndProject
Project("{FAE04EC0-301F-11D3-BF4B-00C04F79EFBC}") = "Unity.Services.Core.Editor", "Unity.Services.Core.Editor.csproj", "{041fce1b-c004-74e6-4523-95f282d0bb60}"
EndProject
Project("{FAE04EC0-301F-11D3-BF4B-00C04F79EFBC}") = "Unity.Rider.Editor", "Unity.Rider.Editor.csproj", "{43faaa58-a12c-ed9b-0850-8967f26b8246}"
EndProject
Project("{FAE04EC0-301F-11D3-BF4B-00C04F79EFBC}") = "Unity.2D.Path.Editor", "Unity.2D.Path.Editor.csproj", "{18633c9b-f1a2-97bc-99b9-aa64c352f5ff}"
EndProject
Project("{FAE04EC0-301F-11D3-BF4B-00C04F79EFBC}") = "PsdPlugin", "PsdPlugin.csproj", "{2de207a2-3bd3-d06a-fce2-a749185980d6}"
EndProject
Project("{FAE04EC0-301F-11D3-BF4B-00C04F79EFBC}") = "Unity.2D.IK.Editor", "Unity.2D.IK.Editor.csproj", "{18d43b6c-c11d-128e-b250-382439264a81}"
EndProject
Project("{FAE04EC0-301F-11D3-BF4B-00C04F79EFBC}") = "Unity.2D.Psdimporter.Editor", "Unity.2D.Psdimporter.Editor.csproj", "{927204b0-7e6f-e206-1fdd-e62f22827500}"
EndProject
Project("{FAE04EC0-301F-11D3-BF4B-00C04F79EFBC}") = "Unity.2D.SpriteShape.Editor", "Unity.2D.SpriteShape.Editor.csproj", "{84053b16-2456-9ffc-e1cc-88f26312b1bc}"
EndProject
Project("{FAE04EC0-301F-11D3-BF4B-00C04F79EFBC}") = "Unity.Burst.CodeGen", "Unity.Burst.CodeGen.csproj", "{d193d98c-19f4-e3ac-abc6-c5164337f0b4}"
EndProject
Project("{FAE04EC0-301F-11D3-BF4B-00C04F79EFBC}") = "Unity.2D.PixelPerfect.Editor", "Unity.2D.PixelPerfect.Editor.csproj", "{ae6b684a-1bce-8c4f-b005-fcacdc6d46cc}"
EndProject
Project("{FAE04EC0-301F-11D3-BF4B-00C04F79EFBC}") = "Unity.VSCode.Editor", "Unity.VSCode.Editor.csproj", "{be288956-9b5b-5f0b-6200-984b13d66638}"
EndProject
Project("{FAE04EC0-301F-11D3-BF4B-00C04F79EFBC}") = "Unity.2D.Sprite.Editor", "Unity.2D.Sprite.Editor.csproj", "{0e4b6236-85c2-c1cd-21bc-cc8d7923c87e}"
EndProject
Project("{FAE04EC0-301F-11D3-BF4B-00C04F79EFBC}") = "UnityEditor.UI", "UnityEditor.UI.csproj", "{6a4c9e4e-c3b6-708e-5129-709fc27b98e0}"
EndProject
Project("{FAE04EC0-301F-11D3-BF4B-00C04F79EFBC}") = "Unity.2D.Common.Editor", "Unity.2D.Common.Editor.csproj", "{e1ad2acf-d46a-f72b-7dd9-2b249d313bfe}"
EndProject
Project("{FAE04EC0-301F-11D3-BF4B-00C04F79EFBC}") = "Unity.Mathematics.Editor", "Unity.Mathematics.Editor.csproj", "{984f65ed-b6aa-801c-7044-1ce023b76ba2}"
EndProject
Project("{FAE04EC0-301F-11D3-BF4B-00C04F79EFBC}") = "Unity.Services.Core.Configuration.Editor", "Unity.Services.Core.Configuration.Editor.csproj", "{49ca2c17-d23f-e446-dc3f-fb2cfbe46ea4}"
EndProject
Project("{FAE04EC0-301F-11D3-BF4B-00C04F79EFBC}") = "Unity.2D.Tilemap.Extras.Editor", "Unity.2D.Tilemap.Extras.Editor.csproj", "{950152a3-1fef-7c4e-12e8-107164511e51}"
EndProject
Project("{FAE04EC0-301F-11D3-BF4B-00C04F79EFBC}") = "Unity.Burst.Editor", "Unity.Burst.Editor.csproj", "{1f4b4d36-f1f9-090e-2bed-480a3b122f98}"
EndProject
Project("{FAE04EC0-301F-11D3-BF4B-00C04F79EFBC}") = "Unity.InternalAPIEditorBridge.001", "Unity.InternalAPIEditorBridge.001.csproj", "{2c5da2ba-408e-c3f9-2bdc-c24e0acd8d90}"
EndProject
Project("{FAE04EC0-301F-11D3-BF4B-00C04F79EFBC}") = "Unity.VisualScripting.Shared.Editor", "Unity.VisualScripting.Shared.Editor.csproj", "{e01abac6-c280-d582-fead-0682f2d8e9e2}"
EndProject
Global
	GlobalSection(SolutionConfigurationPlatforms) = preSolution
		Debug|Any CPU = Debug|Any CPU
	EndGlobalSection
	GlobalSection(ProjectConfigurationPlatforms) = postSolution
		{1e0ead25-29b1-4612-1f2a-fa7471359fab}.Debug|Any CPU.ActiveCfg = Debug|Any CPU
		{1e0ead25-29b1-4612-1f2a-fa7471359fab}.Debug|Any CPU.Build.0 = Debug|Any CPU
		{2c70c664-3254-7c08-2972-62c9d8ee5a5a}.Debug|Any CPU.ActiveCfg = Debug|Any CPU
		{2c70c664-3254-7c08-2972-62c9d8ee5a5a}.Debug|Any CPU.Build.0 = Debug|Any CPU
		{7ca079cd-c3b2-e282-c888-1f3d18ca327b}.Debug|Any CPU.ActiveCfg = Debug|Any CPU
		{7ca079cd-c3b2-e282-c888-1f3d18ca327b}.Debug|Any CPU.Build.0 = Debug|Any CPU
		{62ec427e-1b80-a56b-da63-1948dad1adeb}.Debug|Any CPU.ActiveCfg = Debug|Any CPU
		{62ec427e-1b80-a56b-da63-1948dad1adeb}.Debug|Any CPU.Build.0 = Debug|Any CPU
		{00cc8aa0-efd4-2727-2921-53e2693942e2}.Debug|Any CPU.ActiveCfg = Debug|Any CPU
		{00cc8aa0-efd4-2727-2921-53e2693942e2}.Debug|Any CPU.Build.0 = Debug|Any CPU
		{87ef42e6-304a-a270-f339-7a2688056d2c}.Debug|Any CPU.ActiveCfg = Debug|Any CPU
		{87ef42e6-304a-a270-f339-7a2688056d2c}.Debug|Any CPU.Build.0 = Debug|Any CPU
		{27fc4836-ee56-0c74-4e2c-d4a41734922d}.Debug|Any CPU.ActiveCfg = Debug|Any CPU
		{27fc4836-ee56-0c74-4e2c-d4a41734922d}.Debug|Any CPU.Build.0 = Debug|Any CPU
		{5b05190a-047a-eaf1-7d5e-28c0ff96feb9}.Debug|Any CPU.ActiveCfg = Debug|Any CPU
		{5b05190a-047a-eaf1-7d5e-28c0ff96feb9}.Debug|Any CPU.Build.0 = Debug|Any CPU
		{7ddfda78-2cc2-21df-3cfa-0b08ea9d98c3}.Debug|Any CPU.ActiveCfg = Debug|Any CPU
		{7ddfda78-2cc2-21df-3cfa-0b08ea9d98c3}.Debug|Any CPU.Build.0 = Debug|Any CPU
		{00e53bd3-c18d-c87c-7660-4afb274cde8b}.Debug|Any CPU.ActiveCfg = Debug|Any CPU
		{00e53bd3-c18d-c87c-7660-4afb274cde8b}.Debug|Any CPU.Build.0 = Debug|Any CPU
		{6effa0e4-793c-b727-2615-ba8512a3dfc4}.Debug|Any CPU.ActiveCfg = Debug|Any CPU
		{6effa0e4-793c-b727-2615-ba8512a3dfc4}.Debug|Any CPU.Build.0 = Debug|Any CPU
		{847e97f2-cdbb-02c2-e00c-cfde75fa777c}.Debug|Any CPU.ActiveCfg = Debug|Any CPU
		{847e97f2-cdbb-02c2-e00c-cfde75fa777c}.Debug|Any CPU.Build.0 = Debug|Any CPU
		{56c0eef1-ed4d-56e0-d6f7-95df276d3ef0}.Debug|Any CPU.ActiveCfg = Debug|Any CPU
		{56c0eef1-ed4d-56e0-d6f7-95df276d3ef0}.Debug|Any CPU.Build.0 = Debug|Any CPU
		{9f4336d6-2e03-924d-de9f-4d1de0f39850}.Debug|Any CPU.ActiveCfg = Debug|Any CPU
		{9f4336d6-2e03-924d-de9f-4d1de0f39850}.Debug|Any CPU.Build.0 = Debug|Any CPU
		{82032648-3281-177e-4510-f33b9dcc05bd}.Debug|Any CPU.ActiveCfg = Debug|Any CPU
		{82032648-3281-177e-4510-f33b9dcc05bd}.Debug|Any CPU.Build.0 = Debug|Any CPU
		{164e22ef-bf2e-bfbc-aaf1-34f75a1ce938}.Debug|Any CPU.ActiveCfg = Debug|Any CPU
		{164e22ef-bf2e-bfbc-aaf1-34f75a1ce938}.Debug|Any CPU.Build.0 = Debug|Any CPU
		{806f4107-0e5f-991f-39c7-33dffe2cb563}.Debug|Any CPU.ActiveCfg = Debug|Any CPU
		{806f4107-0e5f-991f-39c7-33dffe2cb563}.Debug|Any CPU.Build.0 = Debug|Any CPU
		{6f73d86b-f792-4554-1572-bd89a50b4496}.Debug|Any CPU.ActiveCfg = Debug|Any CPU
		{6f73d86b-f792-4554-1572-bd89a50b4496}.Debug|Any CPU.Build.0 = Debug|Any CPU
		{7a596bed-7437-51ae-521e-d290702c3539}.Debug|Any CPU.ActiveCfg = Debug|Any CPU
		{7a596bed-7437-51ae-521e-d290702c3539}.Debug|Any CPU.Build.0 = Debug|Any CPU
		{45084f16-3a5b-e221-9b51-a3c5375c88db}.Debug|Any CPU.ActiveCfg = Debug|Any CPU
		{45084f16-3a5b-e221-9b51-a3c5375c88db}.Debug|Any CPU.Build.0 = Debug|Any CPU
		{373c1f9c-f3a9-ef63-b831-07b6b941b284}.Debug|Any CPU.ActiveCfg = Debug|Any CPU
		{373c1f9c-f3a9-ef63-b831-07b6b941b284}.Debug|Any CPU.Build.0 = Debug|Any CPU
		{c0d186f5-40bf-f607-f61e-1599a02703f6}.Debug|Any CPU.ActiveCfg = Debug|Any CPU
		{c0d186f5-40bf-f607-f61e-1599a02703f6}.Debug|Any CPU.Build.0 = Debug|Any CPU
		{7ac23099-a6b1-50ce-a11c-9ff2c0907976}.Debug|Any CPU.ActiveCfg = Debug|Any CPU
		{7ac23099-a6b1-50ce-a11c-9ff2c0907976}.Debug|Any CPU.Build.0 = Debug|Any CPU
		{6ac6874c-62ef-b828-3637-4207357e3aa8}.Debug|Any CPU.ActiveCfg = Debug|Any CPU
		{6ac6874c-62ef-b828-3637-4207357e3aa8}.Debug|Any CPU.Build.0 = Debug|Any CPU
		{56ab8ff8-21cb-1f29-ed6c-4a7ce2686f7e}.Debug|Any CPU.ActiveCfg = Debug|Any CPU
		{56ab8ff8-21cb-1f29-ed6c-4a7ce2686f7e}.Debug|Any CPU.Build.0 = Debug|Any CPU
		{21af5219-7c09-7a7f-65df-d42becdfe7ed}.Debug|Any CPU.ActiveCfg = Debug|Any CPU
		{21af5219-7c09-7a7f-65df-d42becdfe7ed}.Debug|Any CPU.Build.0 = Debug|Any CPU
		{ef564b4e-2d04-3cae-0581-64639e4aaa8e}.Debug|Any CPU.ActiveCfg = Debug|Any CPU
		{ef564b4e-2d04-3cae-0581-64639e4aaa8e}.Debug|Any CPU.Build.0 = Debug|Any CPU
		{4483598c-d78e-a82d-0d7c-f684db03da88}.Debug|Any CPU.ActiveCfg = Debug|Any CPU
		{4483598c-d78e-a82d-0d7c-f684db03da88}.Debug|Any CPU.Build.0 = Debug|Any CPU
		{8da543ee-c4fd-2a14-99c9-ce7f7b5bc883}.Debug|Any CPU.ActiveCfg = Debug|Any CPU
		{8da543ee-c4fd-2a14-99c9-ce7f7b5bc883}.Debug|Any CPU.Build.0 = Debug|Any CPU
		{d2449571-c155-8a7b-4d80-e5b2fb22555f}.Debug|Any CPU.ActiveCfg = Debug|Any CPU
		{d2449571-c155-8a7b-4d80-e5b2fb22555f}.Debug|Any CPU.Build.0 = Debug|Any CPU
		{21c4940c-7065-d909-5947-b2d9c03ec477}.Debug|Any CPU.ActiveCfg = Debug|Any CPU
		{21c4940c-7065-d909-5947-b2d9c03ec477}.Debug|Any CPU.Build.0 = Debug|Any CPU
		{1474d67d-151e-d9d6-8e64-eb772bac513f}.Debug|Any CPU.ActiveCfg = Debug|Any CPU
		{1474d67d-151e-d9d6-8e64-eb772bac513f}.Debug|Any CPU.Build.0 = Debug|Any CPU
		{9809e1e2-ad08-7d01-317b-b3380ed4affb}.Debug|Any CPU.ActiveCfg = Debug|Any CPU
		{9809e1e2-ad08-7d01-317b-b3380ed4affb}.Debug|Any CPU.Build.0 = Debug|Any CPU
		{7650fd24-57ac-023d-ddf1-c914e09d816e}.Debug|Any CPU.ActiveCfg = Debug|Any CPU
		{7650fd24-57ac-023d-ddf1-c914e09d816e}.Debug|Any CPU.Build.0 = Debug|Any CPU
		{f4a16611-5355-cadb-9637-aeb030065e7c}.Debug|Any CPU.ActiveCfg = Debug|Any CPU
		{f4a16611-5355-cadb-9637-aeb030065e7c}.Debug|Any CPU.Build.0 = Debug|Any CPU
		{5835b8cb-320b-7b08-4a66-134f92168349}.Debug|Any CPU.ActiveCfg = Debug|Any CPU
		{5835b8cb-320b-7b08-4a66-134f92168349}.Debug|Any CPU.Build.0 = Debug|Any CPU
		{6a995887-c17f-8ccc-826f-a0e6f347f298}.Debug|Any CPU.ActiveCfg = Debug|Any CPU
		{6a995887-c17f-8ccc-826f-a0e6f347f298}.Debug|Any CPU.Build.0 = Debug|Any CPU
		{8e2bf77f-d4d7-7496-9e30-7b1c4941a32a}.Debug|Any CPU.ActiveCfg = Debug|Any CPU
		{8e2bf77f-d4d7-7496-9e30-7b1c4941a32a}.Debug|Any CPU.Build.0 = Debug|Any CPU
		{6bd79f2e-e5e6-5c6f-7e84-3bea4a754f8f}.Debug|Any CPU.ActiveCfg = Debug|Any CPU
		{6bd79f2e-e5e6-5c6f-7e84-3bea4a754f8f}.Debug|Any CPU.Build.0 = Debug|Any CPU
		{9ff4b563-4d62-031d-2a9c-9d08ab3fd456}.Debug|Any CPU.ActiveCfg = Debug|Any CPU
		{9ff4b563-4d62-031d-2a9c-9d08ab3fd456}.Debug|Any CPU.Build.0 = Debug|Any CPU
		{828f366a-41a6-3986-09b9-ed740ab4d81f}.Debug|Any CPU.ActiveCfg = Debug|Any CPU
		{828f366a-41a6-3986-09b9-ed740ab4d81f}.Debug|Any CPU.Build.0 = Debug|Any CPU
		{041fce1b-c004-74e6-4523-95f282d0bb60}.Debug|Any CPU.ActiveCfg = Debug|Any CPU
		{041fce1b-c004-74e6-4523-95f282d0bb60}.Debug|Any CPU.Build.0 = Debug|Any CPU
		{43faaa58-a12c-ed9b-0850-8967f26b8246}.Debug|Any CPU.ActiveCfg = Debug|Any CPU
		{43faaa58-a12c-ed9b-0850-8967f26b8246}.Debug|Any CPU.Build.0 = Debug|Any CPU
		{18633c9b-f1a2-97bc-99b9-aa64c352f5ff}.Debug|Any CPU.ActiveCfg = Debug|Any CPU
		{18633c9b-f1a2-97bc-99b9-aa64c352f5ff}.Debug|Any CPU.Build.0 = Debug|Any CPU
		{2de207a2-3bd3-d06a-fce2-a749185980d6}.Debug|Any CPU.ActiveCfg = Debug|Any CPU
		{2de207a2-3bd3-d06a-fce2-a749185980d6}.Debug|Any CPU.Build.0 = Debug|Any CPU
		{18d43b6c-c11d-128e-b250-382439264a81}.Debug|Any CPU.ActiveCfg = Debug|Any CPU
		{18d43b6c-c11d-128e-b250-382439264a81}.Debug|Any CPU.Build.0 = Debug|Any CPU
		{927204b0-7e6f-e206-1fdd-e62f22827500}.Debug|Any CPU.ActiveCfg = Debug|Any CPU
		{927204b0-7e6f-e206-1fdd-e62f22827500}.Debug|Any CPU.Build.0 = Debug|Any CPU
		{84053b16-2456-9ffc-e1cc-88f26312b1bc}.Debug|Any CPU.ActiveCfg = Debug|Any CPU
		{84053b16-2456-9ffc-e1cc-88f26312b1bc}.Debug|Any CPU.Build.0 = Debug|Any CPU
		{d193d98c-19f4-e3ac-abc6-c5164337f0b4}.Debug|Any CPU.ActiveCfg = Debug|Any CPU
		{d193d98c-19f4-e3ac-abc6-c5164337f0b4}.Debug|Any CPU.Build.0 = Debug|Any CPU
		{ae6b684a-1bce-8c4f-b005-fcacdc6d46cc}.Debug|Any CPU.ActiveCfg = Debug|Any CPU
		{ae6b684a-1bce-8c4f-b005-fcacdc6d46cc}.Debug|Any CPU.Build.0 = Debug|Any CPU
		{be288956-9b5b-5f0b-6200-984b13d66638}.Debug|Any CPU.ActiveCfg = Debug|Any CPU
		{be288956-9b5b-5f0b-6200-984b13d66638}.Debug|Any CPU.Build.0 = Debug|Any CPU
		{0e4b6236-85c2-c1cd-21bc-cc8d7923c87e}.Debug|Any CPU.ActiveCfg = Debug|Any CPU
		{0e4b6236-85c2-c1cd-21bc-cc8d7923c87e}.Debug|Any CPU.Build.0 = Debug|Any CPU
		{6a4c9e4e-c3b6-708e-5129-709fc27b98e0}.Debug|Any CPU.ActiveCfg = Debug|Any CPU
		{6a4c9e4e-c3b6-708e-5129-709fc27b98e0}.Debug|Any CPU.Build.0 = Debug|Any CPU
		{e1ad2acf-d46a-f72b-7dd9-2b249d313bfe}.Debug|Any CPU.ActiveCfg = Debug|Any CPU
		{e1ad2acf-d46a-f72b-7dd9-2b249d313bfe}.Debug|Any CPU.Build.0 = Debug|Any CPU
		{984f65ed-b6aa-801c-7044-1ce023b76ba2}.Debug|Any CPU.ActiveCfg = Debug|Any CPU
		{984f65ed-b6aa-801c-7044-1ce023b76ba2}.Debug|Any CPU.Build.0 = Debug|Any CPU
		{49ca2c17-d23f-e446-dc3f-fb2cfbe46ea4}.Debug|Any CPU.ActiveCfg = Debug|Any CPU
		{49ca2c17-d23f-e446-dc3f-fb2cfbe46ea4}.Debug|Any CPU.Build.0 = Debug|Any CPU
		{950152a3-1fef-7c4e-12e8-107164511e51}.Debug|Any CPU.ActiveCfg = Debug|Any CPU
		{950152a3-1fef-7c4e-12e8-107164511e51}.Debug|Any CPU.Build.0 = Debug|Any CPU
		{1f4b4d36-f1f9-090e-2bed-480a3b122f98}.Debug|Any CPU.ActiveCfg = Debug|Any CPU
		{1f4b4d36-f1f9-090e-2bed-480a3b122f98}.Debug|Any CPU.Build.0 = Debug|Any CPU
		{2c5da2ba-408e-c3f9-2bdc-c24e0acd8d90}.Debug|Any CPU.ActiveCfg = Debug|Any CPU
		{2c5da2ba-408e-c3f9-2bdc-c24e0acd8d90}.Debug|Any CPU.Build.0 = Debug|Any CPU
		{e01abac6-c280-d582-fead-0682f2d8e9e2}.Debug|Any CPU.ActiveCfg = Debug|Any CPU
		{e01abac6-c280-d582-fead-0682f2d8e9e2}.Debug|Any CPU.Build.0 = Debug|Any CPU
	EndGlobalSection
	GlobalSection(SolutionProperties) = preSolution
		HideSolutionNode = FALSE
	EndGlobalSection
EndGlobal
