
Microsoft Visual Studio Solution File, Format Version 11.00
# Visual Studio 2010
Project("{FAE04EC0-301F-11D3-BF4B-00C04F79EFBC}") = "UnityEngine.UI", "UnityEngine.UI.csproj", "{d129476c-3a16-6a1d-aca2-2ad8cfbd11e7}"
EndProject
Project("{FAE04EC0-301F-11D3-BF4B-00C04F79EFBC}") = "UnityEngine.TestRunner", "UnityEngine.TestRunner.csproj", "{ca6ab7e9-fa6e-def6-44fd-95202fae7d7d}"
EndProject
Project("{FAE04EC0-301F-11D3-BF4B-00C04F79EFBC}") = "Unity.VisualScripting.Flow", "Unity.VisualScripting.Flow.csproj", "{77c1a233-01e6-9a71-8c2d-5fc51b277f5d}"
EndProject
Project("{FAE04EC0-301F-11D3-BF4B-00C04F79EFBC}") = "Unity.Mathematics", "Unity.Mathematics.csproj", "{9f69b8a2-e4af-0032-53df-12db7f6bf6df}"
EndProject
Project("{FAE04EC0-301F-11D3-BF4B-00C04F79EFBC}") = "Unity.Services.Core.Telemetry", "Unity.Services.Core.Telemetry.csproj", "{f5a5d792-5246-686a-a3a1-1518f4dbcbc4}"
EndProject
Project("{FAE04EC0-301F-11D3-BF4B-00C04F79EFBC}") = "Unity.VisualScripting.State", "Unity.VisualScripting.State.csproj", "{49e109b6-157f-4561-685d-3f91b21ab695}"
EndProject
Project("{FAE04EC0-301F-11D3-BF4B-00C04F79EFBC}") = "Unity.VisualScripting.Core", "Unity.VisualScripting.Core.csproj", "{17b31336-3dd0-1f8c-c460-eaffedb24a29}"
EndProject
Project("{FAE04EC0-301F-11D3-BF4B-00C04F79EFBC}") = "Unity.Services.Core.Environments.Internal", "Unity.Services.Core.Environments.Internal.csproj", "{d9f46efe-91fd-0937-576b-d732594cede6}"
EndProject
Project("{FAE04EC0-301F-11D3-BF4B-00C04F79EFBC}") = "Unity.Burst", "Unity.Burst.csproj", "{4150e960-b6e9-8997-7083-9f82952c8e45}"
EndProject
Project("{FAE04EC0-301F-11D3-BF4B-00C04F79EFBC}") = "Unity.2D.Animation.Runtime", "Unity.2D.Animation.Runtime.csproj", "{b64f182d-43a8-2081-1561-53ebd888aa53}"
EndProject
Project("{FAE04EC0-301F-11D3-BF4B-00C04F79EFBC}") = "Unity.TextMeshPro", "Unity.TextMeshPro.csproj", "{e7141b40-75c8-1bcf-18fa-2f631dbad6b0}"
EndProject
Project("{FAE04EC0-301F-11D3-BF4B-00C04F79EFBC}") = "Unity.Timeline", "Unity.Timeline.csproj", "{6026b4e6-5593-1bb4-fb4e-8a978fae0099}"
EndProject
Project("{FAE04EC0-301F-11D3-BF4B-00C04F79EFBC}") = "Unity.Services.Core", "Unity.Services.Core.csproj", "{55032c63-4c51-c055-a444-246e0371804c}"
EndProject
Project("{FAE04EC0-301F-11D3-BF4B-00C04F79EFBC}") = "Unity.Services.Core.Environments", "Unity.Services.Core.Environments.csproj", "{05457e8c-e54f-d74e-e4c7-9de04b292bd8}"
EndProject
Project("{FAE04EC0-301F-11D3-BF4B-00C04F79EFBC}") = "Unity.Services.Core.Internal", "Unity.Services.Core.Internal.csproj", "{d02c6aa4-feb8-8f4c-c1d6-0eea2912c1a5}"
EndProject
Project("{FAE04EC0-301F-11D3-BF4B-00C04F79EFBC}") = "Unity.Services.Core.Analytics", "Unity.Services.Core.Analytics.csproj", "{16548c47-215e-2d8a-126f-cad948741964}"
EndProject
Project("{FAE04EC0-301F-11D3-BF4B-00C04F79EFBC}") = "Unity.2D.SpriteShape.Runtime", "Unity.2D.SpriteShape.Runtime.csproj", "{dea2b056-ba49-d9cd-4060-ebabe671fec7}"
EndProject
Project("{FAE04EC0-301F-11D3-BF4B-00C04F79EFBC}") = "Unity.Services.Core.Scheduler", "Unity.Services.Core.Scheduler.csproj", "{8255bbc3-4cff-1bb6-1c2d-e795bc0df695}"
EndProject
Project("{FAE04EC0-301F-11D3-BF4B-00C04F79EFBC}") = "Unity.Services.Core.Registration", "Unity.Services.Core.Registration.csproj", "{8424c5bb-b54d-19b6-0a4d-96307e72a8d5}"
EndProject
Project("{FAE04EC0-301F-11D3-BF4B-00C04F79EFBC}") = "Unity.2D.PixelPerfect", "Unity.2D.PixelPerfect.csproj", "{8a118056-0f27-b82c-7ee0-660edbfe402b}"
EndProject
Project("{FAE04EC0-301F-11D3-BF4B-00C04F79EFBC}") = "Unity.2D.Common.Runtime", "Unity.2D.Common.Runtime.csproj", "{589a8d8c-9b8c-4cb3-4e86-e6a0ef5ba528}"
EndProject
Project("{FAE04EC0-301F-11D3-BF4B-00C04F79EFBC}") = "Unity.2D.IK.Runtime", "Unity.2D.IK.Runtime.csproj", "{27d6dcc7-f48d-1ae6-05f1-c3c56aaddc8d}"
EndProject
Project("{FAE04EC0-301F-11D3-BF4B-00C04F79EFBC}") = "Unity.Services.Core.Device", "Unity.Services.Core.Device.csproj", "{d65f4c74-76ae-15ab-f2d7-9daaf3d2f2c0}"
EndProject
Project("{FAE04EC0-301F-11D3-BF4B-00C04F79EFBC}") = "Unity.Services.Core.Threading", "Unity.Services.Core.Threading.csproj", "{015ce51c-587b-2dec-152c-8317d1a41349}"
EndProject
Project("{FAE04EC0-301F-11D3-BF4B-00C04F79EFBC}") = "Unity.2D.Tilemap.Extras", "Unity.2D.Tilemap.Extras.csproj", "{ed43bb53-e5f8-5c73-645e-d6c120156f60}"
EndProject
Project("{FAE04EC0-301F-11D3-BF4B-00C04F79EFBC}") = "Unity.Services.Core.Networking", "Unity.Services.Core.Networking.csproj", "{4f9f6bc5-4171-39c7-e98f-36f040dd5c3e}"
EndProject
Project("{FAE04EC0-301F-11D3-BF4B-00C04F79EFBC}") = "Assembly-CSharp", "Assembly-CSharp.csproj", "{c07314c4-b2ea-99a1-3dee-adbb2e17e0b3}"
EndProject
Project("{FAE04EC0-301F-11D3-BF4B-00C04F79EFBC}") = "Unity.InternalAPIEngineBridge.001", "Unity.InternalAPIEngineBridge.001.csproj", "{1e99d8b3-f29c-3f21-1ee0-7cb5c14d0ea1}"
EndProject
Project("{FAE04EC0-301F-11D3-BF4B-00C04F79EFBC}") = "Unity.Services.Core.Configuration", "Unity.Services.Core.Configuration.csproj", "{f4d57038-627b-9171-55b1-266bf3c4eb3a}"
EndProject
Project("{FAE04EC0-301F-11D3-BF4B-00C04F79EFBC}") = "Unity.PlasticSCM.Editor", "Unity.PlasticSCM.Editor.csproj", "{91b3eeec-3da6-f96d-9bc8-3911dbe97e18}"
EndProject
Project("{FAE04EC0-301F-11D3-BF4B-00C04F79EFBC}") = "Unity.VisualScripting.Core.Editor", "Unity.VisualScripting.Core.Editor.csproj", "{f12ff162-aab5-e1c4-7f5d-e845fc56b1ec}"
EndProject
Project("{FAE04EC0-301F-11D3-BF4B-00C04F79EFBC}") = "Unity.VisualScripting.Flow.Editor", "Unity.VisualScripting.Flow.Editor.csproj", "{df8c90f9-9b36-ead4-7d6e-497993b83757}"
EndProject
Project("{FAE04EC0-301F-11D3-BF4B-00C04F79EFBC}") = "Unity.VisualStudio.Editor", "Unity.VisualStudio.Editor.csproj", "{791c3317-fa01-b349-08bc-ca0e6bc28bb3}"
EndProject
Project("{FAE04EC0-301F-11D3-BF4B-00C04F79EFBC}") = "Unity.Timeline.Editor", "Unity.Timeline.Editor.csproj", "{596e1eaa-f8d4-bf7c-55fc-9f372042dacb}"
EndProject
Project("{FAE04EC0-301F-11D3-BF4B-00C04F79EFBC}") = "Unity.VisualScripting.State.Editor", "Unity.VisualScripting.State.Editor.csproj", "{3f8b8373-bf94-ba35-bdce-507c46256aaa}"
EndProject
Project("{FAE04EC0-301F-11D3-BF4B-00C04F79EFBC}") = "Unity.TextMeshPro.Editor", "Unity.TextMeshPro.Editor.csproj", "{c5b8efb6-3af9-b734-60fd-e7ba39382925}"
EndProject
Project("{FAE04EC0-301F-11D3-BF4B-00C04F79EFBC}") = "Unity.2D.PixelPerfect.Editor", "Unity.2D.PixelPerfect.Editor.csproj", "{5bfd5202-1ff4-06c9-17b7-d6395721eebe}"
EndProject
Project("{FAE04EC0-301F-11D3-BF4B-00C04F79EFBC}") = "Unity.2D.Animation.Editor", "Unity.2D.Animation.Editor.csproj", "{4e01ce09-ee5e-1db9-61a6-555108d314f3}"
EndProject
Project("{FAE04EC0-301F-11D3-BF4B-00C04F79EFBC}") = "Unity.VisualScripting.SettingsProvider.Editor", "Unity.VisualScripting.SettingsProvider.Editor.csproj", "{abee79ad-f4ba-0c0a-5543-0a88f349233d}"
EndProject
Project("{FAE04EC0-301F-11D3-BF4B-00C04F79EFBC}") = "Unity.CollabProxy.Editor", "Unity.CollabProxy.Editor.csproj", "{166c53c0-04be-8b3b-69d6-e29d6569f6ee}"
EndProject
Project("{FAE04EC0-301F-11D3-BF4B-00C04F79EFBC}") = "UnityEditor.TestRunner", "UnityEditor.TestRunner.csproj", "{5c302f8a-7133-c7bf-530d-1ce0616050c3}"
EndProject
Project("{FAE04EC0-301F-11D3-BF4B-00C04F79EFBC}") = "Unity.2D.Tilemap.Editor", "Unity.2D.Tilemap.Editor.csproj", "{2b9b3dac-ce44-2906-ec8a-3c61de51c421}"
EndProject
Project("{FAE04EC0-301F-11D3-BF4B-00C04F79EFBC}") = "Unity.Services.Core.Editor", "Unity.Services.Core.Editor.csproj", "{bb8c99f9-55b8-6fb9-459b-a77c58c21b5a}"
EndProject
Project("{FAE04EC0-301F-11D3-BF4B-00C04F79EFBC}") = "Unity.Rider.Editor", "Unity.Rider.Editor.csproj", "{2f1f05c7-2ee4-6cb8-0244-c1bcdf8b8e8b}"
EndProject
Project("{FAE04EC0-301F-11D3-BF4B-00C04F79EFBC}") = "Unity.2D.Path.Editor", "Unity.2D.Path.Editor.csproj", "{6601ea69-a6a6-0734-b25a-acaa45d29707}"
EndProject
Project("{FAE04EC0-301F-11D3-BF4B-00C04F79EFBC}") = "PsdPlugin", "PsdPlugin.csproj", "{c809cb64-042c-1463-0f72-1efc360a3c90}"
EndProject
Project("{FAE04EC0-301F-11D3-BF4B-00C04F79EFBC}") = "Unity.2D.IK.Editor", "Unity.2D.IK.Editor.csproj", "{d41a9807-133e-b396-d457-02424a72b12c}"
EndProject
Project("{FAE04EC0-301F-11D3-BF4B-00C04F79EFBC}") = "Unity.2D.Psdimporter.Editor", "Unity.2D.Psdimporter.Editor.csproj", "{baa185a8-0e72-0a6c-10a3-41bdd2bad5cd}"
EndProject
Project("{FAE04EC0-301F-11D3-BF4B-00C04F79EFBC}") = "Unity.2D.SpriteShape.Editor", "Unity.2D.SpriteShape.Editor.csproj", "{fbdc2cf9-cef8-59ed-929c-de35a41324af}"
EndProject
Project("{FAE04EC0-301F-11D3-BF4B-00C04F79EFBC}") = "Unity.Burst.CodeGen", "Unity.Burst.CodeGen.csproj", "{e959faa6-a733-ad4b-64a0-79072826afe9}"
EndProject
Project("{FAE04EC0-301F-11D3-BF4B-00C04F79EFBC}") = "Unity.VSCode.Editor", "Unity.VSCode.Editor.csproj", "{225158b4-102a-cc8b-4c44-57ee75216f27}"
EndProject
Project("{FAE04EC0-301F-11D3-BF4B-00C04F79EFBC}") = "Unity.2D.Sprite.Editor", "Unity.2D.Sprite.Editor.csproj", "{cf553d84-4f24-624c-353b-06c8dc1e91ec}"
EndProject
Project("{FAE04EC0-301F-11D3-BF4B-00C04F79EFBC}") = "UnityEditor.UI", "UnityEditor.UI.csproj", "{9283d39f-f8ec-2726-995f-304f890c5949}"
EndProject
Project("{FAE04EC0-301F-11D3-BF4B-00C04F79EFBC}") = "Unity.2D.Common.Editor", "Unity.2D.Common.Editor.csproj", "{b2b39427-7af8-071a-6aa6-b91c0f9a4211}"
EndProject
Project("{FAE04EC0-301F-11D3-BF4B-00C04F79EFBC}") = "Unity.Mathematics.Editor", "Unity.Mathematics.Editor.csproj", "{ce702bc7-b7a0-6cf8-57b0-88d11824f324}"
EndProject
Project("{FAE04EC0-301F-11D3-BF4B-00C04F79EFBC}") = "Unity.Services.Core.Configuration.Editor", "Unity.Services.Core.Configuration.Editor.csproj", "{21889df8-1a7c-3c35-0959-16d2235fa868}"
EndProject
Project("{FAE04EC0-301F-11D3-BF4B-00C04F79EFBC}") = "Unity.2D.Tilemap.Extras.Editor", "Unity.2D.Tilemap.Extras.Editor.csproj", "{6312398b-dd4c-6eba-1ba1-08f7263c0110}"
EndProject
Project("{FAE04EC0-301F-11D3-BF4B-00C04F79EFBC}") = "Unity.Burst.Editor", "Unity.Burst.Editor.csproj", "{3c95b3d0-926c-b999-7c95-0dbe8c9530af}"
EndProject
Project("{FAE04EC0-301F-11D3-BF4B-00C04F79EFBC}") = "Unity.InternalAPIEditorBridge.001", "Unity.InternalAPIEditorBridge.001.csproj", "{ec06535c-d736-5c4f-9d1b-b968410d070f}"
EndProject
Project("{FAE04EC0-301F-11D3-BF4B-00C04F79EFBC}") = "Unity.VisualScripting.Shared.Editor", "Unity.VisualScripting.Shared.Editor.csproj", "{0446ef5c-68a4-661b-0e37-2e7a274aec65}"
EndProject
Global
	GlobalSection(SolutionConfigurationPlatforms) = preSolution
		Debug|Any CPU = Debug|Any CPU
	EndGlobalSection
	GlobalSection(ProjectConfigurationPlatforms) = postSolution
		{d129476c-3a16-6a1d-aca2-2ad8cfbd11e7}.Debug|Any CPU.ActiveCfg = Debug|Any CPU
		{d129476c-3a16-6a1d-aca2-2ad8cfbd11e7}.Debug|Any CPU.Build.0 = Debug|Any CPU
		{ca6ab7e9-fa6e-def6-44fd-95202fae7d7d}.Debug|Any CPU.ActiveCfg = Debug|Any CPU
		{ca6ab7e9-fa6e-def6-44fd-95202fae7d7d}.Debug|Any CPU.Build.0 = Debug|Any CPU
		{77c1a233-01e6-9a71-8c2d-5fc51b277f5d}.Debug|Any CPU.ActiveCfg = Debug|Any CPU
		{77c1a233-01e6-9a71-8c2d-5fc51b277f5d}.Debug|Any CPU.Build.0 = Debug|Any CPU
		{9f69b8a2-e4af-0032-53df-12db7f6bf6df}.Debug|Any CPU.ActiveCfg = Debug|Any CPU
		{9f69b8a2-e4af-0032-53df-12db7f6bf6df}.Debug|Any CPU.Build.0 = Debug|Any CPU
		{f5a5d792-5246-686a-a3a1-1518f4dbcbc4}.Debug|Any CPU.ActiveCfg = Debug|Any CPU
		{f5a5d792-5246-686a-a3a1-1518f4dbcbc4}.Debug|Any CPU.Build.0 = Debug|Any CPU
		{49e109b6-157f-4561-685d-3f91b21ab695}.Debug|Any CPU.ActiveCfg = Debug|Any CPU
		{49e109b6-157f-4561-685d-3f91b21ab695}.Debug|Any CPU.Build.0 = Debug|Any CPU
		{17b31336-3dd0-1f8c-c460-eaffedb24a29}.Debug|Any CPU.ActiveCfg = Debug|Any CPU
		{17b31336-3dd0-1f8c-c460-eaffedb24a29}.Debug|Any CPU.Build.0 = Debug|Any CPU
		{d9f46efe-91fd-0937-576b-d732594cede6}.Debug|Any CPU.ActiveCfg = Debug|Any CPU
		{d9f46efe-91fd-0937-576b-d732594cede6}.Debug|Any CPU.Build.0 = Debug|Any CPU
		{4150e960-b6e9-8997-7083-9f82952c8e45}.Debug|Any CPU.ActiveCfg = Debug|Any CPU
		{4150e960-b6e9-8997-7083-9f82952c8e45}.Debug|Any CPU.Build.0 = Debug|Any CPU
		{b64f182d-43a8-2081-1561-53ebd888aa53}.Debug|Any CPU.ActiveCfg = Debug|Any CPU
		{b64f182d-43a8-2081-1561-53ebd888aa53}.Debug|Any CPU.Build.0 = Debug|Any CPU
		{e7141b40-75c8-1bcf-18fa-2f631dbad6b0}.Debug|Any CPU.ActiveCfg = Debug|Any CPU
		{e7141b40-75c8-1bcf-18fa-2f631dbad6b0}.Debug|Any CPU.Build.0 = Debug|Any CPU
		{6026b4e6-5593-1bb4-fb4e-8a978fae0099}.Debug|Any CPU.ActiveCfg = Debug|Any CPU
		{6026b4e6-5593-1bb4-fb4e-8a978fae0099}.Debug|Any CPU.Build.0 = Debug|Any CPU
		{55032c63-4c51-c055-a444-246e0371804c}.Debug|Any CPU.ActiveCfg = Debug|Any CPU
		{55032c63-4c51-c055-a444-246e0371804c}.Debug|Any CPU.Build.0 = Debug|Any CPU
		{05457e8c-e54f-d74e-e4c7-9de04b292bd8}.Debug|Any CPU.ActiveCfg = Debug|Any CPU
		{05457e8c-e54f-d74e-e4c7-9de04b292bd8}.Debug|Any CPU.Build.0 = Debug|Any CPU
		{d02c6aa4-feb8-8f4c-c1d6-0eea2912c1a5}.Debug|Any CPU.ActiveCfg = Debug|Any CPU
		{d02c6aa4-feb8-8f4c-c1d6-0eea2912c1a5}.Debug|Any CPU.Build.0 = Debug|Any CPU
		{16548c47-215e-2d8a-126f-cad948741964}.Debug|Any CPU.ActiveCfg = Debug|Any CPU
		{16548c47-215e-2d8a-126f-cad948741964}.Debug|Any CPU.Build.0 = Debug|Any CPU
		{dea2b056-ba49-d9cd-4060-ebabe671fec7}.Debug|Any CPU.ActiveCfg = Debug|Any CPU
		{dea2b056-ba49-d9cd-4060-ebabe671fec7}.Debug|Any CPU.Build.0 = Debug|Any CPU
		{8255bbc3-4cff-1bb6-1c2d-e795bc0df695}.Debug|Any CPU.ActiveCfg = Debug|Any CPU
		{8255bbc3-4cff-1bb6-1c2d-e795bc0df695}.Debug|Any CPU.Build.0 = Debug|Any CPU
		{8424c5bb-b54d-19b6-0a4d-96307e72a8d5}.Debug|Any CPU.ActiveCfg = Debug|Any CPU
		{8424c5bb-b54d-19b6-0a4d-96307e72a8d5}.Debug|Any CPU.Build.0 = Debug|Any CPU
		{8a118056-0f27-b82c-7ee0-660edbfe402b}.Debug|Any CPU.ActiveCfg = Debug|Any CPU
		{8a118056-0f27-b82c-7ee0-660edbfe402b}.Debug|Any CPU.Build.0 = Debug|Any CPU
		{589a8d8c-9b8c-4cb3-4e86-e6a0ef5ba528}.Debug|Any CPU.ActiveCfg = Debug|Any CPU
		{589a8d8c-9b8c-4cb3-4e86-e6a0ef5ba528}.Debug|Any CPU.Build.0 = Debug|Any CPU
		{27d6dcc7-f48d-1ae6-05f1-c3c56aaddc8d}.Debug|Any CPU.ActiveCfg = Debug|Any CPU
		{27d6dcc7-f48d-1ae6-05f1-c3c56aaddc8d}.Debug|Any CPU.Build.0 = Debug|Any CPU
		{d65f4c74-76ae-15ab-f2d7-9daaf3d2f2c0}.Debug|Any CPU.ActiveCfg = Debug|Any CPU
		{d65f4c74-76ae-15ab-f2d7-9daaf3d2f2c0}.Debug|Any CPU.Build.0 = Debug|Any CPU
		{015ce51c-587b-2dec-152c-8317d1a41349}.Debug|Any CPU.ActiveCfg = Debug|Any CPU
		{015ce51c-587b-2dec-152c-8317d1a41349}.Debug|Any CPU.Build.0 = Debug|Any CPU
		{ed43bb53-e5f8-5c73-645e-d6c120156f60}.Debug|Any CPU.ActiveCfg = Debug|Any CPU
		{ed43bb53-e5f8-5c73-645e-d6c120156f60}.Debug|Any CPU.Build.0 = Debug|Any CPU
		{4f9f6bc5-4171-39c7-e98f-36f040dd5c3e}.Debug|Any CPU.ActiveCfg = Debug|Any CPU
		{4f9f6bc5-4171-39c7-e98f-36f040dd5c3e}.Debug|Any CPU.Build.0 = Debug|Any CPU
		{c07314c4-b2ea-99a1-3dee-adbb2e17e0b3}.Debug|Any CPU.ActiveCfg = Debug|Any CPU
		{c07314c4-b2ea-99a1-3dee-adbb2e17e0b3}.Debug|Any CPU.Build.0 = Debug|Any CPU
		{1e99d8b3-f29c-3f21-1ee0-7cb5c14d0ea1}.Debug|Any CPU.ActiveCfg = Debug|Any CPU
		{1e99d8b3-f29c-3f21-1ee0-7cb5c14d0ea1}.Debug|Any CPU.Build.0 = Debug|Any CPU
		{f4d57038-627b-9171-55b1-266bf3c4eb3a}.Debug|Any CPU.ActiveCfg = Debug|Any CPU
		{f4d57038-627b-9171-55b1-266bf3c4eb3a}.Debug|Any CPU.Build.0 = Debug|Any CPU
		{91b3eeec-3da6-f96d-9bc8-3911dbe97e18}.Debug|Any CPU.ActiveCfg = Debug|Any CPU
		{91b3eeec-3da6-f96d-9bc8-3911dbe97e18}.Debug|Any CPU.Build.0 = Debug|Any CPU
		{f12ff162-aab5-e1c4-7f5d-e845fc56b1ec}.Debug|Any CPU.ActiveCfg = Debug|Any CPU
		{f12ff162-aab5-e1c4-7f5d-e845fc56b1ec}.Debug|Any CPU.Build.0 = Debug|Any CPU
		{df8c90f9-9b36-ead4-7d6e-497993b83757}.Debug|Any CPU.ActiveCfg = Debug|Any CPU
		{df8c90f9-9b36-ead4-7d6e-497993b83757}.Debug|Any CPU.Build.0 = Debug|Any CPU
		{791c3317-fa01-b349-08bc-ca0e6bc28bb3}.Debug|Any CPU.ActiveCfg = Debug|Any CPU
		{791c3317-fa01-b349-08bc-ca0e6bc28bb3}.Debug|Any CPU.Build.0 = Debug|Any CPU
		{596e1eaa-f8d4-bf7c-55fc-9f372042dacb}.Debug|Any CPU.ActiveCfg = Debug|Any CPU
		{596e1eaa-f8d4-bf7c-55fc-9f372042dacb}.Debug|Any CPU.Build.0 = Debug|Any CPU
		{3f8b8373-bf94-ba35-bdce-507c46256aaa}.Debug|Any CPU.ActiveCfg = Debug|Any CPU
		{3f8b8373-bf94-ba35-bdce-507c46256aaa}.Debug|Any CPU.Build.0 = Debug|Any CPU
		{c5b8efb6-3af9-b734-60fd-e7ba39382925}.Debug|Any CPU.ActiveCfg = Debug|Any CPU
		{c5b8efb6-3af9-b734-60fd-e7ba39382925}.Debug|Any CPU.Build.0 = Debug|Any CPU
		{5bfd5202-1ff4-06c9-17b7-d6395721eebe}.Debug|Any CPU.ActiveCfg = Debug|Any CPU
		{5bfd5202-1ff4-06c9-17b7-d6395721eebe}.Debug|Any CPU.Build.0 = Debug|Any CPU
		{4e01ce09-ee5e-1db9-61a6-555108d314f3}.Debug|Any CPU.ActiveCfg = Debug|Any CPU
		{4e01ce09-ee5e-1db9-61a6-555108d314f3}.Debug|Any CPU.Build.0 = Debug|Any CPU
		{abee79ad-f4ba-0c0a-5543-0a88f349233d}.Debug|Any CPU.ActiveCfg = Debug|Any CPU
		{abee79ad-f4ba-0c0a-5543-0a88f349233d}.Debug|Any CPU.Build.0 = Debug|Any CPU
		{166c53c0-04be-8b3b-69d6-e29d6569f6ee}.Debug|Any CPU.ActiveCfg = Debug|Any CPU
		{166c53c0-04be-8b3b-69d6-e29d6569f6ee}.Debug|Any CPU.Build.0 = Debug|Any CPU
		{5c302f8a-7133-c7bf-530d-1ce0616050c3}.Debug|Any CPU.ActiveCfg = Debug|Any CPU
		{5c302f8a-7133-c7bf-530d-1ce0616050c3}.Debug|Any CPU.Build.0 = Debug|Any CPU
		{2b9b3dac-ce44-2906-ec8a-3c61de51c421}.Debug|Any CPU.ActiveCfg = Debug|Any CPU
		{2b9b3dac-ce44-2906-ec8a-3c61de51c421}.Debug|Any CPU.Build.0 = Debug|Any CPU
		{bb8c99f9-55b8-6fb9-459b-a77c58c21b5a}.Debug|Any CPU.ActiveCfg = Debug|Any CPU
		{bb8c99f9-55b8-6fb9-459b-a77c58c21b5a}.Debug|Any CPU.Build.0 = Debug|Any CPU
		{2f1f05c7-2ee4-6cb8-0244-c1bcdf8b8e8b}.Debug|Any CPU.ActiveCfg = Debug|Any CPU
		{2f1f05c7-2ee4-6cb8-0244-c1bcdf8b8e8b}.Debug|Any CPU.Build.0 = Debug|Any CPU
		{6601ea69-a6a6-0734-b25a-acaa45d29707}.Debug|Any CPU.ActiveCfg = Debug|Any CPU
		{6601ea69-a6a6-0734-b25a-acaa45d29707}.Debug|Any CPU.Build.0 = Debug|Any CPU
		{c809cb64-042c-1463-0f72-1efc360a3c90}.Debug|Any CPU.ActiveCfg = Debug|Any CPU
		{c809cb64-042c-1463-0f72-1efc360a3c90}.Debug|Any CPU.Build.0 = Debug|Any CPU
		{d41a9807-133e-b396-d457-02424a72b12c}.Debug|Any CPU.ActiveCfg = Debug|Any CPU
		{d41a9807-133e-b396-d457-02424a72b12c}.Debug|Any CPU.Build.0 = Debug|Any CPU
		{baa185a8-0e72-0a6c-10a3-41bdd2bad5cd}.Debug|Any CPU.ActiveCfg = Debug|Any CPU
		{baa185a8-0e72-0a6c-10a3-41bdd2bad5cd}.Debug|Any CPU.Build.0 = Debug|Any CPU
		{fbdc2cf9-cef8-59ed-929c-de35a41324af}.Debug|Any CPU.ActiveCfg = Debug|Any CPU
		{fbdc2cf9-cef8-59ed-929c-de35a41324af}.Debug|Any CPU.Build.0 = Debug|Any CPU
		{e959faa6-a733-ad4b-64a0-79072826afe9}.Debug|Any CPU.ActiveCfg = Debug|Any CPU
		{e959faa6-a733-ad4b-64a0-79072826afe9}.Debug|Any CPU.Build.0 = Debug|Any CPU
		{225158b4-102a-cc8b-4c44-57ee75216f27}.Debug|Any CPU.ActiveCfg = Debug|Any CPU
		{225158b4-102a-cc8b-4c44-57ee75216f27}.Debug|Any CPU.Build.0 = Debug|Any CPU
		{cf553d84-4f24-624c-353b-06c8dc1e91ec}.Debug|Any CPU.ActiveCfg = Debug|Any CPU
		{cf553d84-4f24-624c-353b-06c8dc1e91ec}.Debug|Any CPU.Build.0 = Debug|Any CPU
		{9283d39f-f8ec-2726-995f-304f890c5949}.Debug|Any CPU.ActiveCfg = Debug|Any CPU
		{9283d39f-f8ec-2726-995f-304f890c5949}.Debug|Any CPU.Build.0 = Debug|Any CPU
		{b2b39427-7af8-071a-6aa6-b91c0f9a4211}.Debug|Any CPU.ActiveCfg = Debug|Any CPU
		{b2b39427-7af8-071a-6aa6-b91c0f9a4211}.Debug|Any CPU.Build.0 = Debug|Any CPU
		{ce702bc7-b7a0-6cf8-57b0-88d11824f324}.Debug|Any CPU.ActiveCfg = Debug|Any CPU
		{ce702bc7-b7a0-6cf8-57b0-88d11824f324}.Debug|Any CPU.Build.0 = Debug|Any CPU
		{21889df8-1a7c-3c35-0959-16d2235fa868}.Debug|Any CPU.ActiveCfg = Debug|Any CPU
		{21889df8-1a7c-3c35-0959-16d2235fa868}.Debug|Any CPU.Build.0 = Debug|Any CPU
		{6312398b-dd4c-6eba-1ba1-08f7263c0110}.Debug|Any CPU.ActiveCfg = Debug|Any CPU
		{6312398b-dd4c-6eba-1ba1-08f7263c0110}.Debug|Any CPU.Build.0 = Debug|Any CPU
		{3c95b3d0-926c-b999-7c95-0dbe8c9530af}.Debug|Any CPU.ActiveCfg = Debug|Any CPU
		{3c95b3d0-926c-b999-7c95-0dbe8c9530af}.Debug|Any CPU.Build.0 = Debug|Any CPU
		{ec06535c-d736-5c4f-9d1b-b968410d070f}.Debug|Any CPU.ActiveCfg = Debug|Any CPU
		{ec06535c-d736-5c4f-9d1b-b968410d070f}.Debug|Any CPU.Build.0 = Debug|Any CPU
		{0446ef5c-68a4-661b-0e37-2e7a274aec65}.Debug|Any CPU.ActiveCfg = Debug|Any CPU
		{0446ef5c-68a4-661b-0e37-2e7a274aec65}.Debug|Any CPU.Build.0 = Debug|Any CPU
	EndGlobalSection
	GlobalSection(SolutionProperties) = preSolution
		HideSolutionNode = FALSE
	EndGlobalSection
EndGlobal
